
Microsoft Visual Studio Solution File, Format Version 12.00
# Visual Studio Version 16
VisualStudioVersion = 16.0.30611.23
MinimumVisualStudioVersion = 10.0.40219.1
Project("{888888A0-9F3D-457C-B088-3A5042F75D52}") = "FerieChallenge3", "FerieChallenge3.pyproj", "{BD04674D-527F-4BFC-BE73-DCB5B9CB917B}"
EndProject
Global
	GlobalSection(SolutionConfigurationPlatforms) = preSolution
		Debug|Any CPU = Debug|Any CPU
		Release|Any CPU = Release|Any CPU
	EndGlobalSection
	GlobalSection(ProjectConfigurationPlatforms) = postSolution
		{BD04674D-527F-4BFC-BE73-DCB5B9CB917B}.Debug|Any CPU.ActiveCfg = Debug|Any CPU
		{BD04674D-527F-4BFC-BE73-DCB5B9CB917B}.Release|Any CPU.ActiveCfg = Release|Any CPU
	EndGlobalSection
	GlobalSection(SolutionProperties) = preSolution
		HideSolutionNode = FALSE
	EndGlobalSection
	GlobalSection(ExtensibilityGlobals) = postSolution
		SolutionGuid = {73B67290-EA79-4ABA-8C72-224B8CCF1002}
	EndGlobalSection
EndGlobal
